{
  "name": "RafaPerez05.github.io",
  "lockfileVersion": 3,
  "requires": true,
  "packages": {
    "": {
      "dependencies": {
        "bulma": "^0.9.4",
        "nodemailer": "^6.9.10"
      }
    },
    "node_modules/bulma": {
      "version": "0.9.4",
      "resolved": "https://registry.npmjs.org/bulma/-/bulma-0.9.4.tgz",
      "integrity": "sha512-86FlT5+1GrsgKbPLRRY7cGDg8fsJiP/jzTqXXVqiUZZ2aZT8uemEOHlU1CDU+TxklPEZ11HZNNWclRBBecP4CQ=="
    },
    "node_modules/nodemailer": {
      "version": "6.9.10",
      "resolved": "https://registry.npmjs.org/nodemailer/-/nodemailer-6.9.10.tgz",
      "integrity": "sha512-qtoKfGFhvIFW5kLfrkw2R6Nm6Ur4LNUMykyqu6n9BRKJuyQrqEGwdXXUAbwWEKt33dlWUGXb7rzmJP/p4+O+CA==",
      "engines": {
        "node": ">=6.0.0"
      }
    }
  }
}
